// !$*UTF8*$!
{
	archiveVersion = 1;
	classes = {
	};
	objectVersion = 50;
	objects = {

/* Begin PBXBuildFile section */
		1BDE93A022AF6C0C00689228 /* AppDelegate.swift in Sources */ = {isa = PBXBuildFile; fileRef = 1BDE939F22AF6C0C00689228 /* AppDelegate.swift */; };
		1BDE93A222AF6C0C00689228 /* ViewController.swift in Sources */ = {isa = PBXBuildFile; fileRef = 1BDE93A122AF6C0C00689228 /* ViewController.swift */; };
		1BDE93A522AF6C0C00689228 /* Main.storyboard in Resources */ = {isa = PBXBuildFile; fileRef = 1BDE93A322AF6C0C00689228 /* Main.storyboard */; };
		1BDE93A722AF6C0E00689228 /* Assets.xcassets in Resources */ = {isa = PBXBuildFile; fileRef = 1BDE93A622AF6C0E00689228 /* Assets.xcassets */; };
		1BDE93AA22AF6C0E00689228 /* LaunchScreen.storyboard in Resources */ = {isa = PBXBuildFile; fileRef = 1BDE93A822AF6C0E00689228 /* LaunchScreen.storyboard */; };
		1BDE93B822AF787B00689228 /* LoaderViewController.swift in Sources */ = {isa = PBXBuildFile; fileRef = 1BDE93B622AF787B00689228 /* LoaderViewController.swift */; };
		1BDE93B922AF787B00689228 /* LoaderViewController.xib in Resources */ = {isa = PBXBuildFile; fileRef = 1BDE93B722AF787B00689228 /* LoaderViewController.xib */; };
		1BDE93BB22AF7BE400689228 /* iOSDevCenters+GIF.swift in Sources */ = {isa = PBXBuildFile; fileRef = 1BDE93BA22AF7BE400689228 /* iOSDevCenters+GIF.swift */; };
		1BDE93BE22AF7C5C00689228 /* your_loader.gif in Resources */ = {isa = PBXBuildFile; fileRef = 1BDE93BD22AF7C5C00689228 /* your_loader.gif */; };
/* End PBXBuildFile section */

/* Begin PBXFileReference section */
		1BDE939C22AF6C0C00689228 /* CustomGif.app */ = {isa = PBXFileReference; explicitFileType = wrapper.application; includeInIndex = 0; path = CustomGif.app; sourceTree = BUILT_PRODUCTS_DIR; };
		1BDE939F22AF6C0C00689228 /* AppDelegate.swift */ = {isa = PBXFileReference; lastKnownFileType = sourcecode.swift; path = AppDelegate.swift; sourceTree = "<group>"; };
		1BDE93A122AF6C0C00689228 /* ViewController.swift */ = {isa = PBXFileReference; lastKnownFileType = sourcecode.swift; path = ViewController.swift; sourceTree = "<group>"; };
		1BDE93A422AF6C0C00689228 /* Base */ = {isa = PBXFileReference; lastKnownFileType = file.storyboard; name = Base; path = Base.lproj/Main.storyboard; sourceTree = "<group>"; };
		1BDE93A622AF6C0E00689228 /* Assets.xcassets */ = {isa = PBXFileReference; lastKnownFileType = folder.assetcatalog; path = Assets.xcassets; sourceTree = "<group>"; };
		1BDE93A922AF6C0E00689228 /* Base */ = {isa = PBXFileReference; lastKnownFileType = file.storyboard; name = Base; path = Base.lproj/LaunchScreen.storyboard; sourceTree = "<group>"; };
		1BDE93AB22AF6C0E00689228 /* Info.plist */ = {isa = PBXFileReference; lastKnownFileType = text.plist.xml; path = Info.plist; sourceTree = "<group>"; };
		1BDE93B622AF787B00689228 /* LoaderViewController.swift */ = {isa = PBXFileReference; lastKnownFileType = sourcecode.swift; path = LoaderViewController.swift; sourceTree = "<group>"; };
		1BDE93B722AF787B00689228 /* LoaderViewController.xib */ = {isa = PBXFileReference; lastKnownFileType = file.xib; path = LoaderViewController.xib; sourceTree = "<group>"; };
		1BDE93BA22AF7BE400689228 /* iOSDevCenters+GIF.swift */ = {isa = PBXFileReference; fileEncoding = 4; lastKnownFileType = sourcecode.swift; path = "iOSDevCenters+GIF.swift"; sourceTree = "<group>"; };
		1BDE93BD22AF7C5C00689228 /* your_loader.gif */ = {isa = PBXFileReference; lastKnownFileType = image.gif; path = your_loader.gif; sourceTree = "<group>"; };
/* End PBXFileReference section */

/* Begin PBXFrameworksBuildPhase section */
		1BDE939922AF6C0C00689228 /* Frameworks */ = {
			isa = PBXFrameworksBuildPhase;
			buildActionMask = 2147483647;
			files = (
			);
			runOnlyForDeploymentPostprocessing = 0;
		};
/* End PBXFrameworksBuildPhase section */

/* Begin PBXGroup section */
		1BDE939322AF6C0C00689228 = {
			isa = PBXGroup;
			children = (
				1BDE939E22AF6C0C00689228 /* CustomGif */,
				1BDE939D22AF6C0C00689228 /* Products */,
			);
			sourceTree = "<group>";
		};
		1BDE939D22AF6C0C00689228 /* Products */ = {
			isa = PBXGroup;
			children = (
				1BDE939C22AF6C0C00689228 /* CustomGif.app */,
			);
			name = Products;
			sourceTree = "<group>";
		};
		1BDE939E22AF6C0C00689228 /* CustomGif */ = {
			isa = PBXGroup;
			children = (
				1BDE939F22AF6C0C00689228 /* AppDelegate.swift */,
				1BDE93A122AF6C0C00689228 /* ViewController.swift */,
				1BDE93A322AF6C0C00689228 /* Main.storyboard */,
				1BDE93B522AF6CAD00689228 /* Loader View */,
				1BDE93BC22AF7BEE00689228 /* Loader Lib */,
				1BDE93A622AF6C0E00689228 /* Assets.xcassets */,
				1BDE93A822AF6C0E00689228 /* LaunchScreen.storyboard */,
				1BDE93AB22AF6C0E00689228 /* Info.plist */,
			);
			path = CustomGif;
			sourceTree = "<group>";
		};
		1BDE93B522AF6CAD00689228 /* Loader View */ = {
			isa = PBXGroup;
			children = (
				1BDE93B622AF787B00689228 /* LoaderViewController.swift */,
				1BDE93B722AF787B00689228 /* LoaderViewController.xib */,
				1BDE93BD22AF7C5C00689228 /* your_loader.gif */,
			);
			path = "Loader View";
			sourceTree = "<group>";
		};
		1BDE93BC22AF7BEE00689228 /* Loader Lib */ = {
			isa = PBXGroup;
			children = (
				1BDE93BA22AF7BE400689228 /* iOSDevCenters+GIF.swift */,
			);
			path = "Loader Lib";
			sourceTree = "<group>";
		};
/* End PBXGroup section */

/* Begin PBXNativeTarget section */
		1BDE939B22AF6C0C00689228 /* CustomGif */ = {
			isa = PBXNativeTarget;
			buildConfigurationList = 1BDE93AE22AF6C0E00689228 /* Build configuration list for PBXNativeTarget "CustomGif" */;
			buildPhases = (
				1BDE939822AF6C0C00689228 /* Sources */,
				1BDE939922AF6C0C00689228 /* Frameworks */,
				1BDE939A22AF6C0C00689228 /* Resources */,
			);
			buildRules = (
			);
			dependencies = (
			);
			name = CustomGif;
			productName = CustomGif;
			productReference = 1BDE939C22AF6C0C00689228 /* CustomGif.app */;
			productType = "com.apple.product-type.application";
		};
/* End PBXNativeTarget section */

/* Begin PBXProject section */
		1BDE939422AF6C0C00689228 /* Project object */ = {
			isa = PBXProject;
			attributes = {
				LastSwiftUpdateCheck = 1020;
				LastUpgradeCheck = 1020;
				ORGANIZATIONNAME = aezion;
				TargetAttributes = {
					1BDE939B22AF6C0C00689228 = {
						CreatedOnToolsVersion = 10.2.1;
					};
				};
			};
			buildConfigurationList = 1BDE939722AF6C0C00689228 /* Build configuration list for PBXProject "CustomGif" */;
			compatibilityVersion = "Xcode 9.3";
			developmentRegion = en;
			hasScannedForEncodings = 0;
			knownRegions = (
				en,
				Base,
			);
			mainGroup = 1BDE939322AF6C0C00689228;
			productRefGroup = 1BDE939D22AF6C0C00689228 /* Products */;
			projectDirPath = "";
			projectRoot = "";
			targets = (
				1BDE939B22AF6C0C00689228 /* CustomGif */,
			);
		};
/* End PBXProject section */

/* Begin PBXResourcesBuildPhase section */
		1BDE939A22AF6C0C00689228 /* Resources */ = {
			isa = PBXResourcesBuildPhase;
			buildActionMask = 2147483647;
			files = (
				1BDE93AA22AF6C0E00689228 /* LaunchScreen.storyboard in Resources */,
				1BDE93A722AF6C0E00689228 /* Assets.xcassets in Resources */,
				1BDE93A522AF6C0C00689228 /* Main.storyboard in Resources */,
				1BDE93BE22AF7C5C00689228 /* your_loader.gif in Resources */,
				1BDE93B922AF787B00689228 /* LoaderViewController.xib in Resources */,
			);
			runOnlyForDeploymentPostprocessing = 0;
		};
/* End PBXResourcesBuildPhase section */

/* Begin PBXSourcesBuildPhase section */
		1BDE939822AF6C0C00689228 /* Sources */ = {
			isa = PBXSourcesBuildPhase;
			buildActionMask = 2147483647;
			files = (
				1BDE93A222AF6C0C00689228 /* ViewController.swift in Sources */,
				1BDE93BB22AF7BE400689228 /* iOSDevCenters+GIF.swift in Sources */,
				1BDE93B822AF787B00689228 /* LoaderViewController.swift in Sources */,
				1BDE93A022AF6C0C00689228 /* AppDelegate.swift in Sources */,
			);
			runOnlyForDeploymentPostprocessing = 0;
		};
/* End PBXSourcesBuildPhase section */

/* Begin PBXVariantGroup section */
		1BDE93A322AF6C0C00689228 /* Main.storyboard */ = {
			isa = PBXVariantGroup;
			children = (
				1BDE93A422AF6C0C00689228 /* Base */,
			);
			name = Main.storyboard;
			sourceTree = "<group>";
		};
		1BDE93A822AF6C0E00689228 /* LaunchScreen.storyboard */ = {
			isa = PBXVariantGroup;
			children = (
				1BDE93A922AF6C0E00689228 /* Base */,
			);
			name = LaunchScreen.storyboard;
			sourceTree = "<group>";
		};
/* End PBXVariantGroup section */

/* Begin XCBuildConfiguration section */
		1BDE93AC22AF6C0E00689228 /* Debug */ = {
			isa = XCBuildConfiguration;
			buildSettings = {
				ALWAYS_SEARCH_USER_PATHS = NO;
				CLANG_ANALYZER_NONNULL = YES;
				CLANG_ANALYZER_NUMBER_OBJECT_CONVERSION = YES_AGGRESSIVE;
				CLANG_CXX_LANGUAGE_STANDARD = "gnu++14";
				CLANG_CXX_LIBRARY = "libc++";
				CLANG_ENABLE_MODULES = YES;
				CLANG_ENABLE_OBJC_ARC = YES;
				CLANG_ENABLE_OBJC_WEAK = YES;
				CLANG_WARN_BLOCK_CAPTURE_AUTORELEASING = YES;
				CLANG_WARN_BOOL_CONVERSION = YES;
				CLANG_WARN_COMMA = YES;
				CLANG_WARN_CONSTANT_CONVERSION = YES;
				CLANG_WARN_DEPRECATED_OBJC_IMPLEMENTATIONS = YES;
				CLANG_WARN_DIRECT_OBJC_ISA_USAGE = YES_ERROR;
				CLANG_WARN_DOCUMENTATION_COMMENTS = YES;
				CLANG_WARN_EMPTY_BODY = YES;
				CLANG_WARN_ENUM_CONVERSION = YES;
				CLANG_WARN_INFINITE_RECURSION = YES;
				CLANG_WARN_INT_CONVERSION = YES;
				CLANG_WARN_NON_LITERAL_NULL_CONVERSION = YES;
				CLANG_WARN_OBJC_IMPLICIT_RETAIN_SELF = YES;
				CLANG_WARN_OBJC_LITERAL_CONVERSION = YES;
				CLANG_WARN_OBJC_ROOT_CLASS = YES_ERROR;
				CLANG_WARN_RANGE_LOOP_ANALYSIS = YES;
				CLANG_WARN_STRICT_PROTOTYPES = YES;
				CLANG_WARN_SUSPICIOUS_MOVE = YES;
				CLANG_WARN_UNGUARDED_AVAILABILITY = YES_AGGRESSIVE;
				CLANG_WARN_UNREACHABLE_CODE = YES;
				CLANG_WARN__DUPLICATE_METHOD_MATCH = YES;
				CODE_SIGN_IDENTITY = "iPhone Developer";
				COPY_PHASE_STRIP = NO;
				DEBUG_INFORMATION_FORMAT = dwarf;
				ENABLE_STRICT_OBJC_MSGSEND = YES;
				ENABLE_TESTABILITY = YES;
				GCC_C_LANGUAGE_STANDARD = gnu11;
				GCC_DYNAMIC_NO_PIC = NO;
				GCC_NO_COMMON_BLOCKS = YES;
				GCC_OPTIMIZATION_LEVEL = 0;
				GCC_PREPROCESSOR_DEFINITIONS = (
					"DEBUG=1",
					"$(inherited)",
				);
				GCC_WARN_64_TO_32_BIT_CONVERSION = YES;
				GCC_WARN_ABOUT_RETURN_TYPE = YES_ERROR;
				GCC_WARN_UNDECLARED_SELECTOR = YES;
				GCC_WARN_UNINITIALIZED_AUTOS = YES_AGGRESSIVE;
				GCC_WARN_UNUSED_FUNCTION = YES;
				GCC_WARN_UNUSED_VARIABLE = YES;
				IPHONEOS_DEPLOYMENT_TARGET = 12.2;
				MTL_ENABLE_DEBUG_INFO = INCLUDE_SOURCE;
				MTL_FAST_MATH = YES;
				ONLY_ACTIVE_ARCH = YES;
				SDKROOT = iphoneos;
				SWIFT_ACTIVE_COMPILATION_CONDITIONS = DEBUG;
				SWIFT_OPTIMIZATION_LEVEL = "-Onone";
			};
			name = Debug;
		};
		1BDE93AD22AF6C0E00689228 /* Release */ = {
			isa = XCBuildConfiguration;
			buildSettings = {
				ALWAYS_SEARCH_USER_PATHS = NO;
				CLANG_ANALYZER_NONNULL = YES;
				CLANG_ANALYZER_NUMBER_OBJECT_CONVERSION = YES_AGGRESSIVE;
				CLANG_CXX_LANGUAGE_STANDARD = "gnu++14";
				CLANG_CXX_LIBRARY = "libc++";
				CLANG_ENABLE_MODULES = YES;
				CLANG_ENABLE_OBJC_ARC = YES;
				CLANG_ENABLE_OBJC_WEAK = YES;
				CLANG_WARN_BLOCK_CAPTURE_AUTORELEASING = YES;
				CLANG_WARN_BOOL_CONVERSION = YES;
				CLANG_WARN_COMMA = YES;
				CLANG_WARN_CONSTANT_CONVERSION = YES;
				CLANG_WARN_DEPRECATED_OBJC_IMPLEMENTATIONS = YES;
				CLANG_WARN_DIRECT_OBJC_ISA_USAGE = YES_ERROR;
				CLANG_WARN_DOCUMENTATION_COMMENTS = YES;
				CLANG_WARN_EMPTY_BODY = YES;
				CLANG_WARN_ENUM_CONVERSION = YES;
				CLANG_WARN_INFINITE_RECURSION = YES;
				CLANG_WARN_INT_CONVERSION = YES;
				CLANG_WARN_NON_LITERAL_NULL_CONVERSION = YES;
				CLANG_WARN_OBJC_IMPLICIT_RETAIN_SELF = YES;
				CLANG_WARN_OBJC_LITERAL_CONVERSION = YES;
				CLANG_WARN_OBJC_ROOT_CLASS = YES_ERROR;
				CLANG_WARN_RANGE_LOOP_ANALYSIS = YES;
				CLANG_WARN_STRICT_PROTOTYPES = YES;
				CLANG_WARN_SUSPICIOUS_MOVE = YES;
				CLANG_WARN_UNGUARDED_AVAILABILITY = YES_AGGRESSIVE;
				CLANG_WARN_UNREACHABLE_CODE = YES;
				CLANG_WARN__DUPLICATE_METHOD_MATCH = YES;
				CODE_SIGN_IDENTITY = "iPhone Developer";
				COPY_PHASE_STRIP = NO;
				DEBUG_INFORMATION_FORMAT = "dwarf-with-dsym";
				ENABLE_NS_ASSERTIONS = NO;
				ENABLE_STRICT_OBJC_MSGSEND = YES;
				GCC_C_LANGUAGE_STANDARD = gnu11;
				GCC_NO_COMMON_BLOCKS = YES;
				GCC_WARN_64_TO_32_BIT_CONVERSION = YES;
				GCC_WARN_ABOUT_RETURN_TYPE = YES_ERROR;
				GCC_WARN_UNDECLARED_SELECTOR = YES;
				GCC_WARN_UNINITIALIZED_AUTOS = YES_AGGRESSIVE;
				GCC_WARN_UNUSED_FUNCTION = YES;
				GCC_WARN_UNUSED_VARIABLE = YES;
				IPHONEOS_DEPLOYMENT_TARGET = 12.2;
				MTL_ENABLE_DEBUG_INFO = NO;
				MTL_FAST_MATH = YES;
				SDKROOT = iphoneos;
				SWIFT_COMPILATION_MODE = wholemodule;
				SWIFT_OPTIMIZATION_LEVEL = "-O";
				VALIDATE_PRODUCT = YES;
			};
			name = Release;
		};
		1BDE93AF22AF6C0E00689228 /* Debug */ = {
			isa = XCBuildConfiguration;
			buildSettings = {
				ASSETCATALOG_COMPILER_APPICON_NAME = AppIcon;
				CODE_SIGN_STYLE = Automatic;
				DEVELOPMENT_TEAM = H7AN69835B;
				INFOPLIST_FILE = CustomGif/Info.plist;
				LD_RUNPATH_SEARCH_PATHS = (
					"$(inherited)",
					"@executable_path/Frameworks",
				);
				PRODUCT_BUNDLE_IDENTIFIER = com.aezion.CustomGif;
				PRODUCT_NAME = "$(TARGET_NAME)";
				SWIFT_VERSION = 5.0;
				TARGETED_DEVICE_FAMILY = "1,2";
			};
			name = Debug;
		};
		1BDE93B022AF6C0E00689228 /* Release */ = {
			isa = XCBuildConfiguration;
			buildSettings = {
				ASSETCATALOG_COMPILER_APPICON_NAME = AppIcon;
				CODE_SIGN_STYLE = Automatic;
				DEVELOPMENT_TEAM = H7AN69835B;
				INFOPLIST_FILE = CustomGif/Info.plist;
				LD_RUNPATH_SEARCH_PATHS = (
					"$(inherited)",
					"@executable_path/Frameworks",
				);
				PRODUCT_BUNDLE_IDENTIFIER = com.aezion.CustomGif;
				PRODUCT_NAME = "$(TARGET_NAME)";
				SWIFT_VERSION = 5.0;
				TARGETED_DEVICE_FAMILY = "1,2";
			};
			name = Release;
		};
/* End XCBuildConfiguration section */

/* Begin XCConfigurationList section */
		1BDE939722AF6C0C00689228 /* Build configuration list for PBXProject "CustomGif" */ = {
			isa = XCConfigurationList;
			buildConfigurations = (
				1BDE93AC22AF6C0E00689228 /* Debug */,
				1BDE93AD22AF6C0E00689228 /* Release */,
			);
			defaultConfigurationIsVisible = 0;
			defaultConfigurationName = Release;
		};
		1BDE93AE22AF6C0E00689228 /* Build configuration list for PBXNativeTarget "CustomGif" */ = {
			isa = XCConfigurationList;
			buildConfigurations = (
				1BDE93AF22AF6C0E00689228 /* Debug */,
				1BDE93B022AF6C0E00689228 /* Release */,
			);
			defaultConfigurationIsVisible = 0;
			defaultConfigurationName = Release;
		};
/* End XCConfigurationList section */
	};
	rootObject = 1BDE939422AF6C0C00689228 /* Project object */;
}
